
Microsoft Visual Studio Solution File, Format Version 12.00
# Visual Studio 15
Project("{FAE04EC0-301F-11D3-BF4B-00C04F79EFBC}") = "Assembly-CSharp", "Assembly-CSharp.csproj", "{867397FD-4CFB-D61A-A601-4165F77462D1}"
EndProject
Project("{FAE04EC0-301F-11D3-BF4B-00C04F79EFBC}") = "Assembly-CSharp-firstpass", "Assembly-CSharp-firstpass.csproj", "{7C08C2B9-AD89-18CB-182D-5B97C9171619}"
EndProject
Project("{FAE04EC0-301F-11D3-BF4B-00C04F79EFBC}") = "Assembly-CSharp-Editor-firstpass", "Assembly-CSharp-Editor-firstpass.csproj", "{57B4DCF5-09AA-F0A6-DC79-C60598C923A5}"
EndProject
Global
	GlobalSection(SolutionConfigurationPlatforms) = preSolution
		Debug|Any CPU = Debug|Any CPU
		Release|Any CPU = Release|Any CPU
	EndGlobalSection
	GlobalSection(ProjectConfigurationPlatforms) = postSolution
		{867397FD-4CFB-D61A-A601-4165F77462D1}.Debug|Any CPU.ActiveCfg = Debug|Any CPU
		{867397FD-4CFB-D61A-A601-4165F77462D1}.Debug|Any CPU.Build.0 = Debug|Any CPU
		{867397FD-4CFB-D61A-A601-4165F77462D1}.Release|Any CPU.ActiveCfg = Release|Any CPU
		{867397FD-4CFB-D61A-A601-4165F77462D1}.Release|Any CPU.Build.0 = Release|Any CPU
		{7C08C2B9-AD89-18CB-182D-5B97C9171619}.Debug|Any CPU.ActiveCfg = Debug|Any CPU
		{7C08C2B9-AD89-18CB-182D-5B97C9171619}.Debug|Any CPU.Build.0 = Debug|Any CPU
		{7C08C2B9-AD89-18CB-182D-5B97C9171619}.Release|Any CPU.ActiveCfg = Release|Any CPU
		{7C08C2B9-AD89-18CB-182D-5B97C9171619}.Release|Any CPU.Build.0 = Release|Any CPU
		{57B4DCF5-09AA-F0A6-DC79-C60598C923A5}.Debug|Any CPU.ActiveCfg = Debug|Any CPU
		{57B4DCF5-09AA-F0A6-DC79-C60598C923A5}.Debug|Any CPU.Build.0 = Debug|Any CPU
		{57B4DCF5-09AA-F0A6-DC79-C60598C923A5}.Release|Any CPU.ActiveCfg = Release|Any CPU
		{57B4DCF5-09AA-F0A6-DC79-C60598C923A5}.Release|Any CPU.Build.0 = Release|Any CPU
	EndGlobalSection
	GlobalSection(SolutionProperties) = preSolution
		HideSolutionNode = FALSE
	EndGlobalSection
EndGlobal
